
Microsoft Visual Studio Solution File, Format Version 12.00
# Visual Studio Version 17
VisualStudioVersion = 17.4.33103.184
MinimumVisualStudioVersion = 10.0.40219.1
Project("{FAE04EC0-301F-11D3-BF4B-00C04F79EFBC}") = "ReverseNumber", "ReverseNumber\ReverseNumber.csproj", "{22163341-5DDA-4325-898D-09BB9D26086D}"
EndProject
Global
	GlobalSection(SolutionConfigurationPlatforms) = preSolution
		Debug|Any CPU = Debug|Any CPU
		Release|Any CPU = Release|Any CPU
	EndGlobalSection
	GlobalSection(ProjectConfigurationPlatforms) = postSolution
		{22163341-5DDA-4325-898D-09BB9D26086D}.Debug|Any CPU.ActiveCfg = Debug|Any CPU
		{22163341-5DDA-4325-898D-09BB9D26086D}.Debug|Any CPU.Build.0 = Debug|Any CPU
		{22163341-5DDA-4325-898D-09BB9D26086D}.Release|Any CPU.ActiveCfg = Release|Any CPU
		{22163341-5DDA-4325-898D-09BB9D26086D}.Release|Any CPU.Build.0 = Release|Any CPU
	EndGlobalSection
	GlobalSection(SolutionProperties) = preSolution
		HideSolutionNode = FALSE
	EndGlobalSection
	GlobalSection(ExtensibilityGlobals) = postSolution
		SolutionGuid = {E95ECCB5-18F4-4554-ACFD-1FFFAA46160A}
	EndGlobalSection
EndGlobal
